Microsoft Visual Studio Solution File, Format Version 12.00
# Visual Studio Version 17
VisualStudioVersion = 17.13.35913.81
MinimumVisualStudioVersion = 10.0.40219.1
Project("{FAE04EC0-301F-11D3-BF4B-00C04F79EFBC}") = "Web API", "Web API\Web API.csproj", "{9F744D56-E672-41A8-9033-1B903FCE4422}"
EndProject
Global
	GlobalSection(SolutionConfigurationPlatforms) = preSolution
		Debug|Any CPU = Debug|Any CPU
		Release|Any CPU = Release|Any CPU
	EndGlobalSection
	GlobalSection(ProjectConfigurationPlatforms) = postSolution
		{9F744D56-E672-41A8-9033-1B903FCE4422}.Debug|Any CPU.ActiveCfg = Debug|Any CPU
		{9F744D56-E672-41A8-9033-1B903FCE4422}.Debug|Any CPU.Build.0 = Debug|Any CPU
		{9F744D56-E672-41A8-9033-1B903FCE4422}.Release|Any CPU.ActiveCfg = Release|Any CPU
		{9F744D56-E672-41A8-9033-1B903FCE4422}.Release|Any CPU.Build.0 = Release|Any CPU
	EndGlobalSection
	GlobalSection(SolutionProperties) = preSolution
		HideSolutionNode = FALSE
	EndGlobalSection
	GlobalSection(ExtensibilityGlobals) = postSolution
		SolutionGuid = {AB5AC13D-F095-410A-9613-9B3EEDA8128C}
	EndGlobalSection
EndGlobal
